
Microsoft Visual Studio Solution File, Format Version 12.00
# Visual Studio Version 17
VisualStudioVersion = 17.9.34622.214
MinimumVisualStudioVersion = 10.0.40219.1
Project("{FAE04EC0-301F-11D3-BF4B-00C04F79EFBC}") = "Calculate Power Using ASP.NET MVC", "Calculate Power Using ASP.NET MVC\Calculate Power Using ASP.NET MVC.csproj", "{19DCEFA6-0FE1-4936-A183-6A1538D38361}"
EndProject
Global
	GlobalSection(SolutionConfigurationPlatforms) = preSolution
		Debug|Any CPU = Debug|Any CPU
		Release|Any CPU = Release|Any CPU
	EndGlobalSection
	GlobalSection(ProjectConfigurationPlatforms) = postSolution
		{19DCEFA6-0FE1-4936-A183-6A1538D38361}.Debug|Any CPU.ActiveCfg = Debug|Any CPU
		{19DCEFA6-0FE1-4936-A183-6A1538D38361}.Debug|Any CPU.Build.0 = Debug|Any CPU
		{19DCEFA6-0FE1-4936-A183-6A1538D38361}.Release|Any CPU.ActiveCfg = Release|Any CPU
		{19DCEFA6-0FE1-4936-A183-6A1538D38361}.Release|Any CPU.Build.0 = Release|Any CPU
	EndGlobalSection
	GlobalSection(SolutionProperties) = preSolution
		HideSolutionNode = FALSE
	EndGlobalSection
	GlobalSection(ExtensibilityGlobals) = postSolution
		SolutionGuid = {EC45462E-15DC-412B-869C-77FEF2B1A3BB}
	EndGlobalSection
EndGlobal
